
Microsoft Visual Studio Solution File, Format Version 12.00
# Visual Studio Version 17
VisualStudioVersion = 17.10.35122.118
MinimumVisualStudioVersion = 10.0.40219.1
Project("{FAE04EC0-301F-11D3-BF4B-00C04F79EFBC}") = "Estacion Meteorologica", "Estacion Meteorologica\Estacion Meteorologica.csproj", "{7D2644E2-3C52-45D0-9B1A-7854F6E9351A}"
EndProject
Global
	GlobalSection(SolutionConfigurationPlatforms) = preSolution
		Debug|Any CPU = Debug|Any CPU
		Release|Any CPU = Release|Any CPU
	EndGlobalSection
	GlobalSection(ProjectConfigurationPlatforms) = postSolution
		{7D2644E2-3C52-45D0-9B1A-7854F6E9351A}.Debug|Any CPU.ActiveCfg = Debug|Any CPU
		{7D2644E2-3C52-45D0-9B1A-7854F6E9351A}.Debug|Any CPU.Build.0 = Debug|Any CPU
		{7D2644E2-3C52-45D0-9B1A-7854F6E9351A}.Release|Any CPU.ActiveCfg = Release|Any CPU
		{7D2644E2-3C52-45D0-9B1A-7854F6E9351A}.Release|Any CPU.Build.0 = Release|Any CPU
	EndGlobalSection
	GlobalSection(SolutionProperties) = preSolution
		HideSolutionNode = FALSE
	EndGlobalSection
	GlobalSection(ExtensibilityGlobals) = postSolution
		SolutionGuid = {47AC784C-E03C-421D-B507-79241BAB1AD1}
	EndGlobalSection
EndGlobal
